
Microsoft Visual Studio Solution File, Format Version 12.00
# Visual Studio Version 16
VisualStudioVersion = 16.0.31025.194
MinimumVisualStudioVersion = 10.0.40219.1
Project("{9A19103F-16F7-4668-BE54-9A1E7A4F7556}") = "MehrLoanFund2", "MehrLoanFund2\MehrLoanFund2.csproj", "{E9E510EB-7EF9-4DE3-B240-B6CC0FED1EE9}"
EndProject
Project("{9A19103F-16F7-4668-BE54-9A1E7A4F7556}") = "DataLayer", "DataLayer\DataLayer.csproj", "{B9FF8EA7-687B-41DD-A1D5-A44F8B2F48B7}"
EndProject
Project("{9A19103F-16F7-4668-BE54-9A1E7A4F7556}") = "Models", "Models\Models.csproj", "{94247FEF-C95E-46CF-9F79-67925F57B7AB}"
EndProject
Project("{9A19103F-16F7-4668-BE54-9A1E7A4F7556}") = "Services", "Services\Services.csproj", "{39371D6D-2F52-4099-AECE-8CC6BF2C9BF4}"
EndProject
Global
	GlobalSection(SolutionConfigurationPlatforms) = preSolution
		Debug|Any CPU = Debug|Any CPU
		Release|Any CPU = Release|Any CPU
	EndGlobalSection
	GlobalSection(ProjectConfigurationPlatforms) = postSolution
		{E9E510EB-7EF9-4DE3-B240-B6CC0FED1EE9}.Debug|Any CPU.ActiveCfg = Debug|Any CPU
		{E9E510EB-7EF9-4DE3-B240-B6CC0FED1EE9}.Debug|Any CPU.Build.0 = Debug|Any CPU
		{E9E510EB-7EF9-4DE3-B240-B6CC0FED1EE9}.Release|Any CPU.ActiveCfg = Release|Any CPU
		{E9E510EB-7EF9-4DE3-B240-B6CC0FED1EE9}.Release|Any CPU.Build.0 = Release|Any CPU
		{B9FF8EA7-687B-41DD-A1D5-A44F8B2F48B7}.Debug|Any CPU.ActiveCfg = Debug|Any CPU
		{B9FF8EA7-687B-41DD-A1D5-A44F8B2F48B7}.Debug|Any CPU.Build.0 = Debug|Any CPU
		{B9FF8EA7-687B-41DD-A1D5-A44F8B2F48B7}.Release|Any CPU.ActiveCfg = Release|Any CPU
		{B9FF8EA7-687B-41DD-A1D5-A44F8B2F48B7}.Release|Any CPU.Build.0 = Release|Any CPU
		{94247FEF-C95E-46CF-9F79-67925F57B7AB}.Debug|Any CPU.ActiveCfg = Debug|Any CPU
		{94247FEF-C95E-46CF-9F79-67925F57B7AB}.Debug|Any CPU.Build.0 = Debug|Any CPU
		{94247FEF-C95E-46CF-9F79-67925F57B7AB}.Release|Any CPU.ActiveCfg = Release|Any CPU
		{94247FEF-C95E-46CF-9F79-67925F57B7AB}.Release|Any CPU.Build.0 = Release|Any CPU
		{39371D6D-2F52-4099-AECE-8CC6BF2C9BF4}.Debug|Any CPU.ActiveCfg = Debug|Any CPU
		{39371D6D-2F52-4099-AECE-8CC6BF2C9BF4}.Debug|Any CPU.Build.0 = Debug|Any CPU
		{39371D6D-2F52-4099-AECE-8CC6BF2C9BF4}.Release|Any CPU.ActiveCfg = Release|Any CPU
		{39371D6D-2F52-4099-AECE-8CC6BF2C9BF4}.Release|Any CPU.Build.0 = Release|Any CPU
	EndGlobalSection
	GlobalSection(SolutionProperties) = preSolution
		HideSolutionNode = FALSE
	EndGlobalSection
	GlobalSection(ExtensibilityGlobals) = postSolution
		SolutionGuid = {16F48423-378E-41AC-8AA0-20D056736B2A}
	EndGlobalSection
EndGlobal
